
Microsoft Visual Studio Solution File, Format Version 12.00
# Visual Studio 15
VisualStudioVersion = 15.0.27130.2010
MinimumVisualStudioVersion = 10.0.40219.1
Project("{FAE04EC0-301F-11D3-BF4B-00C04F79EFBC}") = "Coder", "Coder\Coder.csproj", "{71BBE957-B2F3-47A8-BBB8-A9E796EE5B01}"
EndProject
Global
	GlobalSection(SolutionConfigurationPlatforms) = preSolution
		Debug|ARM = Debug|ARM
		Debug|x64 = Debug|x64
		Debug|x86 = Debug|x86
		Release|ARM = Release|ARM
		Release|x64 = Release|x64
		Release|x86 = Release|x86
	EndGlobalSection
	GlobalSection(ProjectConfigurationPlatforms) = postSolution
		{71BBE957-B2F3-47A8-BBB8-A9E796EE5B01}.Debug|ARM.ActiveCfg = Debug|ARM
		{71BBE957-B2F3-47A8-BBB8-A9E796EE5B01}.Debug|ARM.Build.0 = Debug|ARM
		{71BBE957-B2F3-47A8-BBB8-A9E796EE5B01}.Debug|ARM.Deploy.0 = Debug|ARM
		{71BBE957-B2F3-47A8-BBB8-A9E796EE5B01}.Debug|x64.ActiveCfg = Debug|x64
		{71BBE957-B2F3-47A8-BBB8-A9E796EE5B01}.Debug|x64.Build.0 = Debug|x64
		{71BBE957-B2F3-47A8-BBB8-A9E796EE5B01}.Debug|x64.Deploy.0 = Debug|x64
		{71BBE957-B2F3-47A8-BBB8-A9E796EE5B01}.Debug|x86.ActiveCfg = Debug|x86
		{71BBE957-B2F3-47A8-BBB8-A9E796EE5B01}.Debug|x86.Build.0 = Debug|x86
		{71BBE957-B2F3-47A8-BBB8-A9E796EE5B01}.Debug|x86.Deploy.0 = Debug|x86
		{71BBE957-B2F3-47A8-BBB8-A9E796EE5B01}.Release|ARM.ActiveCfg = Release|ARM
		{71BBE957-B2F3-47A8-BBB8-A9E796EE5B01}.Release|ARM.Build.0 = Release|ARM
		{71BBE957-B2F3-47A8-BBB8-A9E796EE5B01}.Release|ARM.Deploy.0 = Release|ARM
		{71BBE957-B2F3-47A8-BBB8-A9E796EE5B01}.Release|x64.ActiveCfg = Release|x64
		{71BBE957-B2F3-47A8-BBB8-A9E796EE5B01}.Release|x64.Build.0 = Release|x64
		{71BBE957-B2F3-47A8-BBB8-A9E796EE5B01}.Release|x64.Deploy.0 = Release|x64
		{71BBE957-B2F3-47A8-BBB8-A9E796EE5B01}.Release|x86.ActiveCfg = Release|x86
		{71BBE957-B2F3-47A8-BBB8-A9E796EE5B01}.Release|x86.Build.0 = Release|x86
		{71BBE957-B2F3-47A8-BBB8-A9E796EE5B01}.Release|x86.Deploy.0 = Release|x86
	EndGlobalSection
	GlobalSection(SolutionProperties) = preSolution
		HideSolutionNode = FALSE
	EndGlobalSection
	GlobalSection(ExtensibilityGlobals) = postSolution
		SolutionGuid = {24CB8408-A147-44A0-ACE1-C8DC66156C0B}
	EndGlobalSection
EndGlobal
